
Microsoft Visual Studio Solution File, Format Version 12.00
# Visual Studio Version 17
VisualStudioVersion = 17.5.33424.131
MinimumVisualStudioVersion = 10.0.40219.1
Project("{FAE04EC0-301F-11D3-BF4B-00C04F79EFBC}") = "Fullstack.API", "Fullstack.API\Fullstack.API.csproj", "{88C06CA7-4370-40C0-BE38-A94D1EB3A087}"
EndProject
Project("{FAE04EC0-301F-11D3-BF4B-00C04F79EFBC}") = "FullStack.API.Tests", "FullStack.API.Tests\FullStack.API.Tests.csproj", "{31AF8629-484E-4BA2-BB67-D1A092506848}"
EndProject
Global
	GlobalSection(SolutionConfigurationPlatforms) = preSolution
		Debug|Any CPU = Debug|Any CPU
		Release|Any CPU = Release|Any CPU
	EndGlobalSection
	GlobalSection(ProjectConfigurationPlatforms) = postSolution
		{88C06CA7-4370-40C0-BE38-A94D1EB3A087}.Debug|Any CPU.ActiveCfg = Debug|Any CPU
		{88C06CA7-4370-40C0-BE38-A94D1EB3A087}.Debug|Any CPU.Build.0 = Debug|Any CPU
		{88C06CA7-4370-40C0-BE38-A94D1EB3A087}.Release|Any CPU.ActiveCfg = Release|Any CPU
		{88C06CA7-4370-40C0-BE38-A94D1EB3A087}.Release|Any CPU.Build.0 = Release|Any CPU
		{31AF8629-484E-4BA2-BB67-D1A092506848}.Debug|Any CPU.ActiveCfg = Debug|Any CPU
		{31AF8629-484E-4BA2-BB67-D1A092506848}.Debug|Any CPU.Build.0 = Debug|Any CPU
		{31AF8629-484E-4BA2-BB67-D1A092506848}.Release|Any CPU.ActiveCfg = Release|Any CPU
		{31AF8629-484E-4BA2-BB67-D1A092506848}.Release|Any CPU.Build.0 = Release|Any CPU
	EndGlobalSection
	GlobalSection(SolutionProperties) = preSolution
		HideSolutionNode = FALSE
	EndGlobalSection
	GlobalSection(ExtensibilityGlobals) = postSolution
		SolutionGuid = {A812F956-5251-4021-94F1-65BFEC83EC5F}
	EndGlobalSection
EndGlobal
